<Solution>
  <Folder Name="/src/">
    <Project Path="YTDown.Application/YTDown.Application.csproj" />
    <Project Path="YTDown.Domain/YTDown.Domain.csproj" />
    <Project Path="YTDown.Infrastructure/YTDown.Infrastructure.csproj" />
    <Project Path="YTDown.UI/YTDown.UI.csproj" />
  </Folder>
  <Folder Name="/tests/">
    <Project Path="YTDown.ArchitectureTests/YTDown.ArchitectureTests.csproj" />
    <Project Path="YTDown.IntegrationTests/YTDown.IntegrationTests.csproj" />
    <Project Path="YTDown.UnitTests/YTDown.UnitTests.csproj" />
  </Folder>
</Solution>
