<Solution>
  <Folder Name="/src/">
    <Project Path="src/YTDown.Application/YTDown.Application.csproj" />
    <Project Path="src/YTDown.Domain/YTDown.Domain.csproj" />
    <Project Path="src/YTDown.Infrastructure/YTDown.Infrastructure.csproj" />
    <Project Path="src/YTDown.UI/YTDown.UI.csproj" />
  </Folder>
  <Folder Name="/tests/">
    <Project Path="tests/YTDown.ArchitectureTests/YTDown.ArchitectureTests.csproj" />
    <Project Path="tests/YTDown.IntegrationTests/YTDown.IntegrationTests.csproj" />
    <Project Path="tests/YTDown.UnitTests/YTDown.UnitTests.csproj" />
  </Folder>
</Solution>
